// !$*UTF8*$!
{
	archiveVersion = 1;
	classes = {
	};
	objectVersion = 56;
	objects = {

/* Begin PBXBuildFile section */
		6B6F13AB2B1FF295002833BC /* BluetoothManager.swift in Sources */ = {isa = PBXBuildFile; fileRef = 6B6F13AA2B1FF295002833BC /* BluetoothManager.swift */; };
		6BF2FA5B2B1B8DA900CE4002 /* KickrShiftrApp.swift in Sources */ = {isa = PBXBuildFile; fileRef = 6BF2FA5A2B1B8DA900CE4002 /* KickrShiftrApp.swift */; };
		6BF2FA5D2B1B8DA900CE4002 /* ContentView.swift in Sources */ = {isa = PBXBuildFile; fileRef = 6BF2FA5C2B1B8DA900CE4002 /* ContentView.swift */; };
		6BF2FA5F2B1B8DAA00CE4002 /* Assets.xcassets in Resources */ = {isa = PBXBuildFile; fileRef = 6BF2FA5E2B1B8DAA00CE4002 /* Assets.xcassets */; };
		6BF2FA622B1B8DAA00CE4002 /* Preview Assets.xcassets in Resources */ = {isa = PBXBuildFile; fileRef = 6BF2FA612B1B8DAA00CE4002 /* Preview Assets.xcassets */; };
/* End PBXBuildFile section */

/* Begin PBXContainerItemProxy section */
		6BF2FA682B1B8DAB00CE4002 /* PBXContainerItemProxy */ = {
			isa = PBXContainerItemProxy;
			containerPortal = 6BF2FA4F2B1B8DA900CE4002 /* Project object */;
			proxyType = 1;
			remoteGlobalIDString = 6BF2FA562B1B8DA900CE4002;
			remoteInfo = KickrShiftr;
		};
		6BF2FA722B1B8DAB00CE4002 /* PBXContainerItemProxy */ = {
			isa = PBXContainerItemProxy;
			containerPortal = 6BF2FA4F2B1B8DA900CE4002 /* Project object */;
			proxyType = 1;
			remoteGlobalIDString = 6BF2FA562B1B8DA900CE4002;
			remoteInfo = KickrShiftr;
		};
/* End PBXContainerItemProxy section */

/* Begin PBXFileReference section */
		6B6F13AA2B1FF295002833BC /* BluetoothManager.swift */ = {isa = PBXFileReference; lastKnownFileType = sourcecode.swift; path = BluetoothManager.swift; sourceTree = "<group>"; };
		6BF2FA572B1B8DA900CE4002 /* KickrShiftr.app */ = {isa = PBXFileReference; explicitFileType = wrapper.application; includeInIndex = 0; path = KickrShiftr.app; sourceTree = BUILT_PRODUCTS_DIR; };
		6BF2FA5A2B1B8DA900CE4002 /* KickrShiftrApp.swift */ = {isa = PBXFileReference; lastKnownFileType = sourcecode.swift; path = KickrShiftrApp.swift; sourceTree = "<group>"; };
		6BF2FA5C2B1B8DA900CE4002 /* ContentView.swift */ = {isa = PBXFileReference; lastKnownFileType = sourcecode.swift; path = ContentView.swift; sourceTree = "<group>"; };
		6BF2FA5E2B1B8DAA00CE4002 /* Assets.xcassets */ = {isa = PBXFileReference; lastKnownFileType = folder.assetcatalog; path = Assets.xcassets; sourceTree = "<group>"; };
		6BF2FA612B1B8DAA00CE4002 /* Preview Assets.xcassets */ = {isa = PBXFileReference; lastKnownFileType = folder.assetcatalog; path = "Preview Assets.xcassets"; sourceTree = "<group>"; };
		6BF2FA672B1B8DAB00CE4002 /* KickrShiftrTests.xctest */ = {isa = PBXFileReference; explicitFileType = wrapper.cfbundle; includeInIndex = 0; path = KickrShiftrTests.xctest; sourceTree = BUILT_PRODUCTS_DIR; };
		6BF2FA712B1B8DAB00CE4002 /* KickrShiftrUITests.xctest */ = {isa = PBXFileReference; explicitFileType = wrapper.cfbundle; includeInIndex = 0; path = KickrShiftrUITests.xctest; sourceTree = BUILT_PRODUCTS_DIR; };
/* End PBXFileReference section */

/* Begin PBXFrameworksBuildPhase section */
		6BF2FA542B1B8DA900CE4002 /* Frameworks */ = {
			isa = PBXFrameworksBuildPhase;
			buildActionMask = 2147483647;
			files = (
			);
			runOnlyForDeploymentPostprocessing = 0;
		};
		6BF2FA642B1B8DAB00CE4002 /* Frameworks */ = {
			isa = PBXFrameworksBuildPhase;
			buildActionMask = 2147483647;
			files = (
			);
			runOnlyForDeploymentPostprocessing = 0;
		};
		6BF2FA6E2B1B8DAB00CE4002 /* Frameworks */ = {
			isa = PBXFrameworksBuildPhase;
			buildActionMask = 2147483647;
			files = (
			);
			runOnlyForDeploymentPostprocessing = 0;
		};
/* End PBXFrameworksBuildPhase section */

/* Begin PBXGroup section */
		6BF2FA4E2B1B8DA900CE4002 = {
			isa = PBXGroup;
			children = (
				6BF2FA592B1B8DA900CE4002 /* KickrShiftr */,
				6BF2FA582B1B8DA900CE4002 /* Products */,
			);
			sourceTree = "<group>";
		};
		6BF2FA582B1B8DA900CE4002 /* Products */ = {
			isa = PBXGroup;
			children = (
				6BF2FA572B1B8DA900CE4002 /* KickrShiftr.app */,
				6BF2FA672B1B8DAB00CE4002 /* KickrShiftrTests.xctest */,
				6BF2FA712B1B8DAB00CE4002 /* KickrShiftrUITests.xctest */,
			);
			name = Products;
			sourceTree = "<group>";
		};
		6BF2FA592B1B8DA900CE4002 /* KickrShiftr */ = {
			isa = PBXGroup;
			children = (
				6BF2FA5A2B1B8DA900CE4002 /* KickrShiftrApp.swift */,
				6BF2FA5C2B1B8DA900CE4002 /* ContentView.swift */,
				6BF2FA5E2B1B8DAA00CE4002 /* Assets.xcassets */,
				6BF2FA602B1B8DAA00CE4002 /* Preview Content */,
				6B6F13AA2B1FF295002833BC /* BluetoothManager.swift */,
			);
			path = KickrShiftr;
			sourceTree = "<group>";
		};
		6BF2FA602B1B8DAA00CE4002 /* Preview Content */ = {
			isa = PBXGroup;
			children = (
				6BF2FA612B1B8DAA00CE4002 /* Preview Assets.xcassets */,
			);
			path = "Preview Content";
			sourceTree = "<group>";
		};
/* End PBXGroup section */

/* Begin PBXNativeTarget section */
		6BF2FA562B1B8DA900CE4002 /* KickrShiftr */ = {
			isa = PBXNativeTarget;
			buildConfigurationList = 6BF2FA7B2B1B8DAB00CE4002 /* Build configuration list for PBXNativeTarget "KickrShiftr" */;
			buildPhases = (
				6BF2FA532B1B8DA900CE4002 /* Sources */,
				6BF2FA542B1B8DA900CE4002 /* Frameworks */,
				6BF2FA552B1B8DA900CE4002 /* Resources */,
			);
			buildRules = (
			);
			dependencies = (
			);
			name = KickrShiftr;
			productName = KickrShiftr;
			productReference = 6BF2FA572B1B8DA900CE4002 /* KickrShiftr.app */;
			productType = "com.apple.product-type.application";
		};
		6BF2FA662B1B8DAB00CE4002 /* KickrShiftrTests */ = {
			isa = PBXNativeTarget;
			buildConfigurationList = 6BF2FA7E2B1B8DAB00CE4002 /* Build configuration list for PBXNativeTarget "KickrShiftrTests" */;
			buildPhases = (
				6BF2FA632B1B8DAB00CE4002 /* Sources */,
				6BF2FA642B1B8DAB00CE4002 /* Frameworks */,
				6BF2FA652B1B8DAB00CE4002 /* Resources */,
			);
			buildRules = (
			);
			dependencies = (
				6BF2FA692B1B8DAB00CE4002 /* PBXTargetDependency */,
			);
			name = KickrShiftrTests;
			productName = KickrShiftrTests;
			productReference = 6BF2FA672B1B8DAB00CE4002 /* KickrShiftrTests.xctest */;
			productType = "com.apple.product-type.bundle.unit-test";
		};
		6BF2FA702B1B8DAB00CE4002 /* KickrShiftrUITests */ = {
			isa = PBXNativeTarget;
			buildConfigurationList = 6BF2FA812B1B8DAB00CE4002 /* Build configuration list for PBXNativeTarget "KickrShiftrUITests" */;
			buildPhases = (
				6BF2FA6D2B1B8DAB00CE4002 /* Sources */,
				6BF2FA6E2B1B8DAB00CE4002 /* Frameworks */,
				6BF2FA6F2B1B8DAB00CE4002 /* Resources */,
			);
			buildRules = (
			);
			dependencies = (
				6BF2FA732B1B8DAB00CE4002 /* PBXTargetDependency */,
			);
			name = KickrShiftrUITests;
			productName = KickrShiftrUITests;
			productReference = 6BF2FA712B1B8DAB00CE4002 /* KickrShiftrUITests.xctest */;
			productType = "com.apple.product-type.bundle.ui-testing";
		};
/* End PBXNativeTarget section */

/* Begin PBXProject section */
		6BF2FA4F2B1B8DA900CE4002 /* Project object */ = {
			isa = PBXProject;
			attributes = {
				BuildIndependentTargetsInParallel = 1;
				LastSwiftUpdateCheck = 1430;
				LastUpgradeCheck = 1430;
				TargetAttributes = {
					6BF2FA562B1B8DA900CE4002 = {
						CreatedOnToolsVersion = 14.3.1;
					};
					6BF2FA662B1B8DAB00CE4002 = {
						CreatedOnToolsVersion = 14.3.1;
						TestTargetID = 6BF2FA562B1B8DA900CE4002;
					};
					6BF2FA702B1B8DAB00CE4002 = {
						CreatedOnToolsVersion = 14.3.1;
						TestTargetID = 6BF2FA562B1B8DA900CE4002;
					};
				};
			};
			buildConfigurationList = 6BF2FA522B1B8DA900CE4002 /* Build configuration list for PBXProject "KickrShiftr" */;
			compatibilityVersion = "Xcode 14.0";
			developmentRegion = en;
			hasScannedForEncodings = 0;
			knownRegions = (
				en,
				Base,
			);
			mainGroup = 6BF2FA4E2B1B8DA900CE4002;
			productRefGroup = 6BF2FA582B1B8DA900CE4002 /* Products */;
			projectDirPath = "";
			projectRoot = "";
			targets = (
				6BF2FA562B1B8DA900CE4002 /* KickrShiftr */,
				6BF2FA662B1B8DAB00CE4002 /* KickrShiftrTests */,
				6BF2FA702B1B8DAB00CE4002 /* KickrShiftrUITests */,
			);
		};
/* End PBXProject section */

/* Begin PBXResourcesBuildPhase section */
		6BF2FA552B1B8DA900CE4002 /* Resources */ = {
			isa = PBXResourcesBuildPhase;
			buildActionMask = 2147483647;
			files = (
				6BF2FA622B1B8DAA00CE4002 /* Preview Assets.xcassets in Resources */,
				6BF2FA5F2B1B8DAA00CE4002 /* Assets.xcassets in Resources */,
			);
			runOnlyForDeploymentPostprocessing = 0;
		};
		6BF2FA652B1B8DAB00CE4002 /* Resources */ = {
			isa = PBXResourcesBuildPhase;
			buildActionMask = 2147483647;
			files = (
			);
			runOnlyForDeploymentPostprocessing = 0;
		};
		6BF2FA6F2B1B8DAB00CE4002 /* Resources */ = {
			isa = PBXResourcesBuildPhase;
			buildActionMask = 2147483647;
			files = (
			);
			runOnlyForDeploymentPostprocessing = 0;
		};
/* End PBXResourcesBuildPhase section */

/* Begin PBXSourcesBuildPhase section */
		6BF2FA532B1B8DA900CE4002 /* Sources */ = {
			isa = PBXSourcesBuildPhase;
			buildActionMask = 2147483647;
			files = (
				6BF2FA5D2B1B8DA900CE4002 /* ContentView.swift in Sources */,
				6B6F13AB2B1FF295002833BC /* BluetoothManager.swift in Sources */,
				6BF2FA5B2B1B8DA900CE4002 /* KickrShiftrApp.swift in Sources */,
			);
			runOnlyForDeploymentPostprocessing = 0;
		};
		6BF2FA632B1B8DAB00CE4002 /* Sources */ = {
			isa = PBXSourcesBuildPhase;
			buildActionMask = 2147483647;
			files = (
			);
			runOnlyForDeploymentPostprocessing = 0;
		};
		6BF2FA6D2B1B8DAB00CE4002 /* Sources */ = {
			isa = PBXSourcesBuildPhase;
			buildActionMask = 2147483647;
			files = (
			);
			runOnlyForDeploymentPostprocessing = 0;
		};
/* End PBXSourcesBuildPhase section */

/* Begin PBXTargetDependency section */
		6BF2FA692B1B8DAB00CE4002 /* PBXTargetDependency */ = {
			isa = PBXTargetDependency;
			target = 6BF2FA562B1B8DA900CE4002 /* KickrShiftr */;
			targetProxy = 6BF2FA682B1B8DAB00CE4002 /* PBXContainerItemProxy */;
		};
		6BF2FA732B1B8DAB00CE4002 /* PBXTargetDependency */ = {
			isa = PBXTargetDependency;
			target = 6BF2FA562B1B8DA900CE4002 /* KickrShiftr */;
			targetProxy = 6BF2FA722B1B8DAB00CE4002 /* PBXContainerItemProxy */;
		};
/* End PBXTargetDependency section */

/* Begin XCBuildConfiguration section */
		6BF2FA792B1B8DAB00CE4002 /* Debug */ = {
			isa = XCBuildConfiguration;
			buildSettings = {
				ALWAYS_SEARCH_USER_PATHS = NO;
				CLANG_ANALYZER_NONNULL = YES;
				CLANG_ANALYZER_NUMBER_OBJECT_CONVERSION = YES_AGGRESSIVE;
				CLANG_CXX_LANGUAGE_STANDARD = "gnu++20";
				CLANG_ENABLE_MODULES = YES;
				CLANG_ENABLE_OBJC_ARC = YES;
				CLANG_ENABLE_OBJC_WEAK = YES;
				CLANG_WARN_BLOCK_CAPTURE_AUTORELEASING = YES;
				CLANG_WARN_BOOL_CONVERSION = YES;
				CLANG_WARN_COMMA = YES;
				CLANG_WARN_CONSTANT_CONVERSION = YES;
				CLANG_WARN_DEPRECATED_OBJC_IMPLEMENTATIONS = YES;
				CLANG_WARN_DIRECT_OBJC_ISA_USAGE = YES_ERROR;
				CLANG_WARN_DOCUMENTATION_COMMENTS = YES;
				CLANG_WARN_EMPTY_BODY = YES;
				CLANG_WARN_ENUM_CONVERSION = YES;
				CLANG_WARN_INFINITE_RECURSION = YES;
				CLANG_WARN_INT_CONVERSION = YES;
				CLANG_WARN_NON_LITERAL_NULL_CONVERSION = YES;
				CLANG_WARN_OBJC_IMPLICIT_RETAIN_SELF = YES;
				CLANG_WARN_OBJC_LITERAL_CONVERSION = YES;
				CLANG_WARN_OBJC_ROOT_CLASS = YES_ERROR;
				CLANG_WARN_QUOTED_INCLUDE_IN_FRAMEWORK_HEADER = YES;
				CLANG_WARN_RANGE_LOOP_ANALYSIS = YES;
				CLANG_WARN_STRICT_PROTOTYPES = YES;
				CLANG_WARN_SUSPICIOUS_MOVE = YES;
				CLANG_WARN_UNGUARDED_AVAILABILITY = YES_AGGRESSIVE;
				CLANG_WARN_UNREACHABLE_CODE = YES;
				CLANG_WARN__DUPLICATE_METHOD_MATCH = YES;
				COPY_PHASE_STRIP = NO;
				DEBUG_INFORMATION_FORMAT = dwarf;
				ENABLE_STRICT_OBJC_MSGSEND = YES;
				ENABLE_TESTABILITY = YES;
				GCC_C_LANGUAGE_STANDARD = gnu11;
				GCC_DYNAMIC_NO_PIC = NO;
				GCC_NO_COMMON_BLOCKS = YES;
				GCC_OPTIMIZATION_LEVEL = 0;
				GCC_PREPROCESSOR_DEFINITIONS = (
					"DEBUG=1",
					"$(inherited)",
				);
				GCC_WARN_64_TO_32_BIT_CONVERSION = YES;
				GCC_WARN_ABOUT_RETURN_TYPE = YES_ERROR;
				GCC_WARN_UNDECLARED_SELECTOR = YES;
				GCC_WARN_UNINITIALIZED_AUTOS = YES_AGGRESSIVE;
				GCC_WARN_UNUSED_FUNCTION = YES;
				GCC_WARN_UNUSED_VARIABLE = YES;
				IPHONEOS_DEPLOYMENT_TARGET = 16.4;
				MTL_ENABLE_DEBUG_INFO = INCLUDE_SOURCE;
				MTL_FAST_MATH = YES;
				ONLY_ACTIVE_ARCH = YES;
				SDKROOT = iphoneos;
				SWIFT_ACTIVE_COMPILATION_CONDITIONS = DEBUG;
				SWIFT_OPTIMIZATION_LEVEL = "-Onone";
			};
			name = Debug;
		};
		6BF2FA7A2B1B8DAB00CE4002 /* Release */ = {
			isa = XCBuildConfiguration;
			buildSettings = {
				ALWAYS_SEARCH_USER_PATHS = NO;
				CLANG_ANALYZER_NONNULL = YES;
				CLANG_ANALYZER_NUMBER_OBJECT_CONVERSION = YES_AGGRESSIVE;
				CLANG_CXX_LANGUAGE_STANDARD = "gnu++20";
				CLANG_ENABLE_MODULES = YES;
				CLANG_ENABLE_OBJC_ARC = YES;
				CLANG_ENABLE_OBJC_WEAK = YES;
				CLANG_WARN_BLOCK_CAPTURE_AUTORELEASING = YES;
				CLANG_WARN_BOOL_CONVERSION = YES;
				CLANG_WARN_COMMA = YES;
				CLANG_WARN_CONSTANT_CONVERSION = YES;
				CLANG_WARN_DEPRECATED_OBJC_IMPLEMENTATIONS = YES;
				CLANG_WARN_DIRECT_OBJC_ISA_USAGE = YES_ERROR;
				CLANG_WARN_DOCUMENTATION_COMMENTS = YES;
				CLANG_WARN_EMPTY_BODY = YES;
				CLANG_WARN_ENUM_CONVERSION = YES;
				CLANG_WARN_INFINITE_RECURSION = YES;
				CLANG_WARN_INT_CONVERSION = YES;
				CLANG_WARN_NON_LITERAL_NULL_CONVERSION = YES;
				CLANG_WARN_OBJC_IMPLICIT_RETAIN_SELF = YES;
				CLANG_WARN_OBJC_LITERAL_CONVERSION = YES;
				CLANG_WARN_OBJC_ROOT_CLASS = YES_ERROR;
				CLANG_WARN_QUOTED_INCLUDE_IN_FRAMEWORK_HEADER = YES;
				CLANG_WARN_RANGE_LOOP_ANALYSIS = YES;
				CLANG_WARN_STRICT_PROTOTYPES = YES;
				CLANG_WARN_SUSPICIOUS_MOVE = YES;
				CLANG_WARN_UNGUARDED_AVAILABILITY = YES_AGGRESSIVE;
				CLANG_WARN_UNREACHABLE_CODE = YES;
				CLANG_WARN__DUPLICATE_METHOD_MATCH = YES;
				COPY_PHASE_STRIP = NO;
				DEBUG_INFORMATION_FORMAT = "dwarf-with-dsym";
				ENABLE_NS_ASSERTIONS = NO;
				ENABLE_STRICT_OBJC_MSGSEND = YES;
				GCC_C_LANGUAGE_STANDARD = gnu11;
				GCC_NO_COMMON_BLOCKS = YES;
				GCC_WARN_64_TO_32_BIT_CONVERSION = YES;
				GCC_WARN_ABOUT_RETURN_TYPE = YES_ERROR;
				GCC_WARN_UNDECLARED_SELECTOR = YES;
				GCC_WARN_UNINITIALIZED_AUTOS = YES_AGGRESSIVE;
				GCC_WARN_UNUSED_FUNCTION = YES;
				GCC_WARN_UNUSED_VARIABLE = YES;
				IPHONEOS_DEPLOYMENT_TARGET = 16.4;
				MTL_ENABLE_DEBUG_INFO = NO;
				MTL_FAST_MATH = YES;
				SDKROOT = iphoneos;
				SWIFT_COMPILATION_MODE = wholemodule;
				SWIFT_OPTIMIZATION_LEVEL = "-O";
				VALIDATE_PRODUCT = YES;
			};
			name = Release;
		};
		6BF2FA7C2B1B8DAB00CE4002 /* Debug */ = {
			isa = XCBuildConfiguration;
			buildSettings = {
				ASSETCATALOG_COMPILER_APPICON_NAME = AppIcon;
				ASSETCATALOG_COMPILER_GLOBAL_ACCENT_COLOR_NAME = AccentColor;
				CODE_SIGN_STYLE = Automatic;
				CURRENT_PROJECT_VERSION = 1;
				DEVELOPMENT_ASSET_PATHS = "\"KickrShiftr/Preview Content\"";
				DEVELOPMENT_TEAM = C725P669WE;
				ENABLE_PREVIEWS = YES;
				GENERATE_INFOPLIST_FILE = YES;
				INFOPLIST_KEY_NSBluetoothAlwaysUsageDescription = "We need to access to Bluetotth to allow virtually changing gears on your trainer";
				INFOPLIST_KEY_NSBluetoothPeripheralUsageDescription = "We need to access to Bluetotth to allow virtually changing gears on your trainer";
				INFOPLIST_KEY_NSBluetoothWhileInUseUsageDescription = "We need to access to Bluetotth to allow virtually changing gears on your trainer";
				INFOPLIST_KEY_UIApplicationSceneManifest_Generation = YES;
				INFOPLIST_KEY_UIApplicationSupportsIndirectInputEvents = YES;
				INFOPLIST_KEY_UILaunchScreen_Generation = YES;
				INFOPLIST_KEY_UISupportedInterfaceOrientations_iPad = "UIInterfaceOrientationPortrait UIInterfaceOrientationPortraitUpsideDown UIInterfaceOrientationLandscapeLeft UIInterfaceOrientationLandscapeRight";
				INFOPLIST_KEY_UISupportedInterfaceOrientations_iPhone = "UIInterfaceOrientationPortrait UIInterfaceOrientationLandscapeLeft UIInterfaceOrientationLandscapeRight";
				LD_RUNPATH_SEARCH_PATHS = (
					"$(inherited)",
					"@executable_path/Frameworks",
				);
				MARKETING_VERSION = 1.0;
				PRODUCT_BUNDLE_IDENTIFIER = jvivenot.KickrShiftr;
				PRODUCT_NAME = "$(TARGET_NAME)";
				SWIFT_EMIT_LOC_STRINGS = YES;
				SWIFT_VERSION = 5.0;
				TARGETED_DEVICE_FAMILY = "1,2";
			};
			name = Debug;
		};
		6BF2FA7D2B1B8DAB00CE4002 /* Release */ = {
			isa = XCBuildConfiguration;
			buildSettings = {
				ASSETCATALOG_COMPILER_APPICON_NAME = AppIcon;
				ASSETCATALOG_COMPILER_GLOBAL_ACCENT_COLOR_NAME = AccentColor;
				CODE_SIGN_STYLE = Automatic;
				CURRENT_PROJECT_VERSION = 1;
				DEVELOPMENT_ASSET_PATHS = "\"KickrShiftr/Preview Content\"";
				DEVELOPMENT_TEAM = C725P669WE;
				ENABLE_PREVIEWS = YES;
				GENERATE_INFOPLIST_FILE = YES;
				INFOPLIST_KEY_NSBluetoothAlwaysUsageDescription = "We need to access to Bluetotth to allow virtually changing gears on your trainer";
				INFOPLIST_KEY_NSBluetoothPeripheralUsageDescription = "We need to access to Bluetotth to allow virtually changing gears on your trainer";
				INFOPLIST_KEY_NSBluetoothWhileInUseUsageDescription = "We need to access to Bluetotth to allow virtually changing gears on your trainer";
				INFOPLIST_KEY_UIApplicationSceneManifest_Generation = YES;
				INFOPLIST_KEY_UIApplicationSupportsIndirectInputEvents = YES;
				INFOPLIST_KEY_UILaunchScreen_Generation = YES;
				INFOPLIST_KEY_UISupportedInterfaceOrientations_iPad = "UIInterfaceOrientationPortrait UIInterfaceOrientationPortraitUpsideDown UIInterfaceOrientationLandscapeLeft UIInterfaceOrientationLandscapeRight";
				INFOPLIST_KEY_UISupportedInterfaceOrientations_iPhone = "UIInterfaceOrientationPortrait UIInterfaceOrientationLandscapeLeft UIInterfaceOrientationLandscapeRight";
				LD_RUNPATH_SEARCH_PATHS = (
					"$(inherited)",
					"@executable_path/Frameworks",
				);
				MARKETING_VERSION = 1.0;
				PRODUCT_BUNDLE_IDENTIFIER = jvivenot.KickrShiftr;
				PRODUCT_NAME = "$(TARGET_NAME)";
				SWIFT_EMIT_LOC_STRINGS = YES;
				SWIFT_VERSION = 5.0;
				TARGETED_DEVICE_FAMILY = "1,2";
			};
			name = Release;
		};
		6BF2FA7F2B1B8DAB00CE4002 /* Debug */ = {
			isa = XCBuildConfiguration;
			buildSettings = {
				ALWAYS_EMBED_SWIFT_STANDARD_LIBRARIES = YES;
				BUNDLE_LOADER = "$(TEST_HOST)";
				CODE_SIGN_STYLE = Automatic;
				CURRENT_PROJECT_VERSION = 1;
				DEVELOPMENT_TEAM = C725P669WE;
				GENERATE_INFOPLIST_FILE = YES;
				INFOPLIST_KEY_NSBluetoothPeripheralUsageDescription = "";
				IPHONEOS_DEPLOYMENT_TARGET = 16.4;
				MARKETING_VERSION = 1.0;
				PRODUCT_BUNDLE_IDENTIFIER = jvivenot.KickrShiftrTests;
				PRODUCT_NAME = "$(TARGET_NAME)";
				SWIFT_EMIT_LOC_STRINGS = NO;
				SWIFT_VERSION = 5.0;
				TARGETED_DEVICE_FAMILY = "1,2";
				TEST_HOST = "$(BUILT_PRODUCTS_DIR)/KickrShiftr.app/$(BUNDLE_EXECUTABLE_FOLDER_PATH)/KickrShiftr";
			};
			name = Debug;
		};
		6BF2FA802B1B8DAB00CE4002 /* Release */ = {
			isa = XCBuildConfiguration;
			buildSettings = {
				ALWAYS_EMBED_SWIFT_STANDARD_LIBRARIES = YES;
				BUNDLE_LOADER = "$(TEST_HOST)";
				CODE_SIGN_STYLE = Automatic;
				CURRENT_PROJECT_VERSION = 1;
				DEVELOPMENT_TEAM = C725P669WE;
				GENERATE_INFOPLIST_FILE = YES;
				INFOPLIST_KEY_NSBluetoothPeripheralUsageDescription = "";
				IPHONEOS_DEPLOYMENT_TARGET = 16.4;
				MARKETING_VERSION = 1.0;
				PRODUCT_BUNDLE_IDENTIFIER = jvivenot.KickrShiftrTests;
				PRODUCT_NAME = "$(TARGET_NAME)";
				SWIFT_EMIT_LOC_STRINGS = NO;
				SWIFT_VERSION = 5.0;
				TARGETED_DEVICE_FAMILY = "1,2";
				TEST_HOST = "$(BUILT_PRODUCTS_DIR)/KickrShiftr.app/$(BUNDLE_EXECUTABLE_FOLDER_PATH)/KickrShiftr";
			};
			name = Release;
		};
		6BF2FA822B1B8DAB00CE4002 /* Debug */ = {
			isa = XCBuildConfiguration;
			buildSettings = {
				ALWAYS_EMBED_SWIFT_STANDARD_LIBRARIES = YES;
				CODE_SIGN_STYLE = Automatic;
				CURRENT_PROJECT_VERSION = 1;
				DEVELOPMENT_TEAM = C725P669WE;
				GENERATE_INFOPLIST_FILE = YES;
				MARKETING_VERSION = 1.0;
				PRODUCT_BUNDLE_IDENTIFIER = jvivenot.KickrShiftrUITests;
				PRODUCT_NAME = "$(TARGET_NAME)";
				SWIFT_EMIT_LOC_STRINGS = NO;
				SWIFT_VERSION = 5.0;
				TARGETED_DEVICE_FAMILY = "1,2";
				TEST_TARGET_NAME = KickrShiftr;
			};
			name = Debug;
		};
		6BF2FA832B1B8DAB00CE4002 /* Release */ = {
			isa = XCBuildConfiguration;
			buildSettings = {
				ALWAYS_EMBED_SWIFT_STANDARD_LIBRARIES = YES;
				CODE_SIGN_STYLE = Automatic;
				CURRENT_PROJECT_VERSION = 1;
				DEVELOPMENT_TEAM = C725P669WE;
				GENERATE_INFOPLIST_FILE = YES;
				MARKETING_VERSION = 1.0;
				PRODUCT_BUNDLE_IDENTIFIER = jvivenot.KickrShiftrUITests;
				PRODUCT_NAME = "$(TARGET_NAME)";
				SWIFT_EMIT_LOC_STRINGS = NO;
				SWIFT_VERSION = 5.0;
				TARGETED_DEVICE_FAMILY = "1,2";
				TEST_TARGET_NAME = KickrShiftr;
			};
			name = Release;
		};
/* End XCBuildConfiguration section */

/* Begin XCConfigurationList section */
		6BF2FA522B1B8DA900CE4002 /* Build configuration list for PBXProject "KickrShiftr" */ = {
			isa = XCConfigurationList;
			buildConfigurations = (
				6BF2FA792B1B8DAB00CE4002 /* Debug */,
				6BF2FA7A2B1B8DAB00CE4002 /* Release */,
			);
			defaultConfigurationIsVisible = 0;
			defaultConfigurationName = Release;
		};
		6BF2FA7B2B1B8DAB00CE4002 /* Build configuration list for PBXNativeTarget "KickrShiftr" */ = {
			isa = XCConfigurationList;
			buildConfigurations = (
				6BF2FA7C2B1B8DAB00CE4002 /* Debug */,
				6BF2FA7D2B1B8DAB00CE4002 /* Release */,
			);
			defaultConfigurationIsVisible = 0;
			defaultConfigurationName = Release;
		};
		6BF2FA7E2B1B8DAB00CE4002 /* Build configuration list for PBXNativeTarget "KickrShiftrTests" */ = {
			isa = XCConfigurationList;
			buildConfigurations = (
				6BF2FA7F2B1B8DAB00CE4002 /* Debug */,
				6BF2FA802B1B8DAB00CE4002 /* Release */,
			);
			defaultConfigurationIsVisible = 0;
			defaultConfigurationName = Release;
		};
		6BF2FA812B1B8DAB00CE4002 /* Build configuration list for PBXNativeTarget "KickrShiftrUITests" */ = {
			isa = XCConfigurationList;
			buildConfigurations = (
				6BF2FA822B1B8DAB00CE4002 /* Debug */,
				6BF2FA832B1B8DAB00CE4002 /* Release */,
			);
			defaultConfigurationIsVisible = 0;
			defaultConfigurationName = Release;
		};
/* End XCConfigurationList section */
	};
	rootObject = 6BF2FA4F2B1B8DA900CE4002 /* Project object */;
}
